{
    "_readme": [
        "This file locks the dependencies of your project to a known state",
        "Read more about it at https://getcomposer.org/doc/01-basic-usage.md#installing-dependencies",
        "This file is @generated automatically"
    ],
    "content-hash": "dba62b39b8f00722a2e36546725a138a",
    "packages": [
        {
            "name": "sfcamil/odataphp",
            "version": "dev-main",
            "source": {
                "type": "git",
                "url": "git@github.com:sfcamil/odataPhp.git",
                "reference": "929953885c65f1c74174d5da52423f04f0a00594"
            },
            "dist": {
                "type": "zip",
                "url": "https://api.github.com/repos/sfcamil/odataPhp/zipball/929953885c65f1c74174d5da52423f04f0a00594",
                "reference": "929953885c65f1c74174d5da52423f04f0a00594",
                "shasum": ""
            },
            "require": {
                "php": ">=7.3"
            },
            "default-branch": true,
            "type": "library",
            "autoload": {
                "psr-4": {
                    "odataPhp\\": "src/"
                }
            },
            "license": [
                "MIT"
            ],
            "authors": [
                {
                    "name": "Stoica Florin",
                    "email": "sfcamil@yahoo.fr"
                }
            ],
            "description": "OData Client for PHP",
            "homepage": "https://github.com/sfcamil/odataPhp",
            "keywords": [
                "odata",
                "php",
                "rest"
            ],
            "support": {
                "source": "https://github.com/sfcamil/odataPhp/tree/main",
                "issues": "https://github.com/sfcamil/odataPhp/issues"
            },
            "time": "2021-04-27T13:06:57+00:00"
        }
    ],
    "packages-dev": [],
    "aliases": [],
    "minimum-stability": "dev",
    "stability-flags": {
        "sfcamil/odataphp": 20
    },
    "prefer-stable": false,
    "prefer-lowest": false,
    "platform": [],
    "platform-dev": [],
    "plugin-api-version": "2.0.0"
}
